// !$*UTF8*$!
{
	archiveVersion = 1;
	classes = {
	};
	objectVersion = 50;
	objects = {

/* Begin PBXBuildFile section */
		04E507D1222390AD0078DA13 /* AppDelegate.swift in Sources */ = {isa = PBXBuildFile; fileRef = 04E507D0222390AD0078DA13 /* AppDelegate.swift */; };
		04E507D3222390AD0078DA13 /* MasterViewController.swift in Sources */ = {isa = PBXBuildFile; fileRef = 04E507D2222390AD0078DA13 /* MasterViewController.swift */; };
		04E507D5222390AD0078DA13 /* DetailViewController.swift in Sources */ = {isa = PBXBuildFile; fileRef = 04E507D4222390AD0078DA13 /* DetailViewController.swift */; };
		04E507D8222390AD0078DA13 /* Main.storyboard in Resources */ = {isa = PBXBuildFile; fileRef = 04E507D6222390AD0078DA13 /* Main.storyboard */; };
		04E507DA222390AF0078DA13 /* Assets.xcassets in Resources */ = {isa = PBXBuildFile; fileRef = 04E507D9222390AF0078DA13 /* Assets.xcassets */; };
		04E507DD222390AF0078DA13 /* LaunchScreen.storyboard in Resources */ = {isa = PBXBuildFile; fileRef = 04E507DB222390AF0078DA13 /* LaunchScreen.storyboard */; };
		04E507E7222394C70078DA13 /* Character.swift in Sources */ = {isa = PBXBuildFile; fileRef = 04E507E6222394C70078DA13 /* Character.swift */; };
		04E507E92223974E0078DA13 /* CharacterDataModelController.swift in Sources */ = {isa = PBXBuildFile; fileRef = 04E507E82223974E0078DA13 /* CharacterDataModelController.swift */; };
		04E507EB222399570078DA13 /* lordOfTheRings.plist in Resources */ = {isa = PBXBuildFile; fileRef = 04E507EA222399570078DA13 /* lordOfTheRings.plist */; };
/* End PBXBuildFile section */

/* Begin PBXFileReference section */
		04E507CD222390AD0078DA13 /* LOTR.app */ = {isa = PBXFileReference; explicitFileType = wrapper.application; includeInIndex = 0; path = LOTR.app; sourceTree = BUILT_PRODUCTS_DIR; };
		04E507D0222390AD0078DA13 /* AppDelegate.swift */ = {isa = PBXFileReference; lastKnownFileType = sourcecode.swift; path = AppDelegate.swift; sourceTree = "<group>"; };
		04E507D2222390AD0078DA13 /* MasterViewController.swift */ = {isa = PBXFileReference; lastKnownFileType = sourcecode.swift; path = MasterViewController.swift; sourceTree = "<group>"; };
		04E507D4222390AD0078DA13 /* DetailViewController.swift */ = {isa = PBXFileReference; lastKnownFileType = sourcecode.swift; path = DetailViewController.swift; sourceTree = "<group>"; };
		04E507D7222390AD0078DA13 /* Base */ = {isa = PBXFileReference; lastKnownFileType = file.storyboard; name = Base; path = Base.lproj/Main.storyboard; sourceTree = "<group>"; };
		04E507D9222390AF0078DA13 /* Assets.xcassets */ = {isa = PBXFileReference; lastKnownFileType = folder.assetcatalog; path = Assets.xcassets; sourceTree = "<group>"; };
		04E507DC222390AF0078DA13 /* Base */ = {isa = PBXFileReference; lastKnownFileType = file.storyboard; name = Base; path = Base.lproj/LaunchScreen.storyboard; sourceTree = "<group>"; };
		04E507DE222390AF0078DA13 /* Info.plist */ = {isa = PBXFileReference; lastKnownFileType = text.plist.xml; path = Info.plist; sourceTree = "<group>"; };
		04E507E6222394C70078DA13 /* Character.swift */ = {isa = PBXFileReference; lastKnownFileType = sourcecode.swift; path = Character.swift; sourceTree = "<group>"; };
		04E507E82223974E0078DA13 /* CharacterDataModelController.swift */ = {isa = PBXFileReference; lastKnownFileType = sourcecode.swift; path = CharacterDataModelController.swift; sourceTree = "<group>"; };
		04E507EA222399570078DA13 /* lordOfTheRings.plist */ = {isa = PBXFileReference; fileEncoding = 4; lastKnownFileType = text.plist.xml; path = lordOfTheRings.plist; sourceTree = "<group>"; };
/* End PBXFileReference section */

/* Begin PBXFrameworksBuildPhase section */
		04E507CA222390AD0078DA13 /* Frameworks */ = {
			isa = PBXFrameworksBuildPhase;
			buildActionMask = 2147483647;
			files = (
			);
			runOnlyForDeploymentPostprocessing = 0;
		};
/* End PBXFrameworksBuildPhase section */

/* Begin PBXGroup section */
		04E507C4222390AD0078DA13 = {
			isa = PBXGroup;
			children = (
				04E507CF222390AD0078DA13 /* LOTR */,
				04E507CE222390AD0078DA13 /* Products */,
			);
			sourceTree = "<group>";
		};
		04E507CE222390AD0078DA13 /* Products */ = {
			isa = PBXGroup;
			children = (
				04E507CD222390AD0078DA13 /* LOTR.app */,
			);
			name = Products;
			sourceTree = "<group>";
		};
		04E507CF222390AD0078DA13 /* LOTR */ = {
			isa = PBXGroup;
			children = (
				04E507D0222390AD0078DA13 /* AppDelegate.swift */,
				04E507D2222390AD0078DA13 /* MasterViewController.swift */,
				04E507D4222390AD0078DA13 /* DetailViewController.swift */,
				04E507E6222394C70078DA13 /* Character.swift */,
				04E507E82223974E0078DA13 /* CharacterDataModelController.swift */,
				04E507D6222390AD0078DA13 /* Main.storyboard */,
				04E507D9222390AF0078DA13 /* Assets.xcassets */,
				04E507DB222390AF0078DA13 /* LaunchScreen.storyboard */,
				04E507EA222399570078DA13 /* lordOfTheRings.plist */,
				04E507DE222390AF0078DA13 /* Info.plist */,
			);
			path = LOTR;
			sourceTree = "<group>";
		};
/* End PBXGroup section */

/* Begin PBXNativeTarget section */
		04E507CC222390AD0078DA13 /* LOTR */ = {
			isa = PBXNativeTarget;
			buildConfigurationList = 04E507E1222390AF0078DA13 /* Build configuration list for PBXNativeTarget "LOTR" */;
			buildPhases = (
				04E507C9222390AD0078DA13 /* Sources */,
				04E507CA222390AD0078DA13 /* Frameworks */,
				04E507CB222390AD0078DA13 /* Resources */,
			);
			buildRules = (
			);
			dependencies = (
			);
			name = LOTR;
			productName = LOTR;
			productReference = 04E507CD222390AD0078DA13 /* LOTR.app */;
			productType = "com.apple.product-type.application";
		};
/* End PBXNativeTarget section */

/* Begin PBXProject section */
		04E507C5222390AD0078DA13 /* Project object */ = {
			isa = PBXProject;
			attributes = {
				LastSwiftUpdateCheck = 1010;
				LastUpgradeCheck = 1010;
				ORGANIZATIONNAME = "Madi Yost";
				TargetAttributes = {
					04E507CC222390AD0078DA13 = {
						CreatedOnToolsVersion = 10.1;
					};
				};
			};
			buildConfigurationList = 04E507C8222390AD0078DA13 /* Build configuration list for PBXProject "LOTR" */;
			compatibilityVersion = "Xcode 9.3";
			developmentRegion = en;
			hasScannedForEncodings = 0;
			knownRegions = (
				en,
				Base,
			);
			mainGroup = 04E507C4222390AD0078DA13;
			productRefGroup = 04E507CE222390AD0078DA13 /* Products */;
			projectDirPath = "";
			projectRoot = "";
			targets = (
				04E507CC222390AD0078DA13 /* LOTR */,
			);
		};
/* End PBXProject section */

/* Begin PBXResourcesBuildPhase section */
		04E507CB222390AD0078DA13 /* Resources */ = {
			isa = PBXResourcesBuildPhase;
			buildActionMask = 2147483647;
			files = (
				04E507EB222399570078DA13 /* lordOfTheRings.plist in Resources */,
				04E507DD222390AF0078DA13 /* LaunchScreen.storyboard in Resources */,
				04E507DA222390AF0078DA13 /* Assets.xcassets in Resources */,
				04E507D8222390AD0078DA13 /* Main.storyboard in Resources */,
			);
			runOnlyForDeploymentPostprocessing = 0;
		};
/* End PBXResourcesBuildPhase section */

/* Begin PBXSourcesBuildPhase section */
		04E507C9222390AD0078DA13 /* Sources */ = {
			isa = PBXSourcesBuildPhase;
			buildActionMask = 2147483647;
			files = (
				04E507D5222390AD0078DA13 /* DetailViewController.swift in Sources */,
				04E507D3222390AD0078DA13 /* MasterViewController.swift in Sources */,
				04E507E92223974E0078DA13 /* CharacterDataModelController.swift in Sources */,
				04E507D1222390AD0078DA13 /* AppDelegate.swift in Sources */,
				04E507E7222394C70078DA13 /* Character.swift in Sources */,
			);
			runOnlyForDeploymentPostprocessing = 0;
		};
/* End PBXSourcesBuildPhase section */

/* Begin PBXVariantGroup section */
		04E507D6222390AD0078DA13 /* Main.storyboard */ = {
			isa = PBXVariantGroup;
			children = (
				04E507D7222390AD0078DA13 /* Base */,
			);
			name = Main.storyboard;
			sourceTree = "<group>";
		};
		04E507DB222390AF0078DA13 /* LaunchScreen.storyboard */ = {
			isa = PBXVariantGroup;
			children = (
				04E507DC222390AF0078DA13 /* Base */,
			);
			name = LaunchScreen.storyboard;
			sourceTree = "<group>";
		};
/* End PBXVariantGroup section */

/* Begin XCBuildConfiguration section */
		04E507DF222390AF0078DA13 /* Debug */ = {
			isa = XCBuildConfiguration;
			buildSettings = {
				ALWAYS_SEARCH_USER_PATHS = NO;
				CLANG_ANALYZER_NONNULL = YES;
				CLANG_ANALYZER_NUMBER_OBJECT_CONVERSION = YES_AGGRESSIVE;
				CLANG_CXX_LANGUAGE_STANDARD = "gnu++14";
				CLANG_CXX_LIBRARY = "libc++";
				CLANG_ENABLE_MODULES = YES;
				CLANG_ENABLE_OBJC_ARC = YES;
				CLANG_ENABLE_OBJC_WEAK = YES;
				CLANG_WARN_BLOCK_CAPTURE_AUTORELEASING = YES;
				CLANG_WARN_BOOL_CONVERSION = YES;
				CLANG_WARN_COMMA = YES;
				CLANG_WARN_CONSTANT_CONVERSION = YES;
				CLANG_WARN_DEPRECATED_OBJC_IMPLEMENTATIONS = YES;
				CLANG_WARN_DIRECT_OBJC_ISA_USAGE = YES_ERROR;
				CLANG_WARN_DOCUMENTATION_COMMENTS = YES;
				CLANG_WARN_EMPTY_BODY = YES;
				CLANG_WARN_ENUM_CONVERSION = YES;
				CLANG_WARN_INFINITE_RECURSION = YES;
				CLANG_WARN_INT_CONVERSION = YES;
				CLANG_WARN_NON_LITERAL_NULL_CONVERSION = YES;
				CLANG_WARN_OBJC_IMPLICIT_RETAIN_SELF = YES;
				CLANG_WARN_OBJC_LITERAL_CONVERSION = YES;
				CLANG_WARN_OBJC_ROOT_CLASS = YES_ERROR;
				CLANG_WARN_RANGE_LOOP_ANALYSIS = YES;
				CLANG_WARN_STRICT_PROTOTYPES = YES;
				CLANG_WARN_SUSPICIOUS_MOVE = YES;
				CLANG_WARN_UNGUARDED_AVAILABILITY = YES_AGGRESSIVE;
				CLANG_WARN_UNREACHABLE_CODE = YES;
				CLANG_WARN__DUPLICATE_METHOD_MATCH = YES;
				CODE_SIGN_IDENTITY = "iPhone Developer";
				COPY_PHASE_STRIP = NO;
				DEBUG_INFORMATION_FORMAT = dwarf;
				ENABLE_STRICT_OBJC_MSGSEND = YES;
				ENABLE_TESTABILITY = YES;
				GCC_C_LANGUAGE_STANDARD = gnu11;
				GCC_DYNAMIC_NO_PIC = NO;
				GCC_NO_COMMON_BLOCKS = YES;
				GCC_OPTIMIZATION_LEVEL = 0;
				GCC_PREPROCESSOR_DEFINITIONS = (
					"DEBUG=1",
					"$(inherited)",
				);
				GCC_WARN_64_TO_32_BIT_CONVERSION = YES;
				GCC_WARN_ABOUT_RETURN_TYPE = YES_ERROR;
				GCC_WARN_UNDECLARED_SELECTOR = YES;
				GCC_WARN_UNINITIALIZED_AUTOS = YES_AGGRESSIVE;
				GCC_WARN_UNUSED_FUNCTION = YES;
				GCC_WARN_UNUSED_VARIABLE = YES;
				IPHONEOS_DEPLOYMENT_TARGET = 12.1;
				MTL_ENABLE_DEBUG_INFO = INCLUDE_SOURCE;
				MTL_FAST_MATH = YES;
				ONLY_ACTIVE_ARCH = YES;
				SDKROOT = iphoneos;
				SWIFT_ACTIVE_COMPILATION_CONDITIONS = DEBUG;
				SWIFT_OPTIMIZATION_LEVEL = "-Onone";
			};
			name = Debug;
		};
		04E507E0222390AF0078DA13 /* Release */ = {
			isa = XCBuildConfiguration;
			buildSettings = {
				ALWAYS_SEARCH_USER_PATHS = NO;
				CLANG_ANALYZER_NONNULL = YES;
				CLANG_ANALYZER_NUMBER_OBJECT_CONVERSION = YES_AGGRESSIVE;
				CLANG_CXX_LANGUAGE_STANDARD = "gnu++14";
				CLANG_CXX_LIBRARY = "libc++";
				CLANG_ENABLE_MODULES = YES;
				CLANG_ENABLE_OBJC_ARC = YES;
				CLANG_ENABLE_OBJC_WEAK = YES;
				CLANG_WARN_BLOCK_CAPTURE_AUTORELEASING = YES;
				CLANG_WARN_BOOL_CONVERSION = YES;
				CLANG_WARN_COMMA = YES;
				CLANG_WARN_CONSTANT_CONVERSION = YES;
				CLANG_WARN_DEPRECATED_OBJC_IMPLEMENTATIONS = YES;
				CLANG_WARN_DIRECT_OBJC_ISA_USAGE = YES_ERROR;
				CLANG_WARN_DOCUMENTATION_COMMENTS = YES;
				CLANG_WARN_EMPTY_BODY = YES;
				CLANG_WARN_ENUM_CONVERSION = YES;
				CLANG_WARN_INFINITE_RECURSION = YES;
				CLANG_WARN_INT_CONVERSION = YES;
				CLANG_WARN_NON_LITERAL_NULL_CONVERSION = YES;
				CLANG_WARN_OBJC_IMPLICIT_RETAIN_SELF = YES;
				CLANG_WARN_OBJC_LITERAL_CONVERSION = YES;
				CLANG_WARN_OBJC_ROOT_CLASS = YES_ERROR;
				CLANG_WARN_RANGE_LOOP_ANALYSIS = YES;
				CLANG_WARN_STRICT_PROTOTYPES = YES;
				CLANG_WARN_SUSPICIOUS_MOVE = YES;
				CLANG_WARN_UNGUARDED_AVAILABILITY = YES_AGGRESSIVE;
				CLANG_WARN_UNREACHABLE_CODE = YES;
				CLANG_WARN__DUPLICATE_METHOD_MATCH = YES;
				CODE_SIGN_IDENTITY = "iPhone Developer";
				COPY_PHASE_STRIP = NO;
				DEBUG_INFORMATION_FORMAT = "dwarf-with-dsym";
				ENABLE_NS_ASSERTIONS = NO;
				ENABLE_STRICT_OBJC_MSGSEND = YES;
				GCC_C_LANGUAGE_STANDARD = gnu11;
				GCC_NO_COMMON_BLOCKS = YES;
				GCC_WARN_64_TO_32_BIT_CONVERSION = YES;
				GCC_WARN_ABOUT_RETURN_TYPE = YES_ERROR;
				GCC_WARN_UNDECLARED_SELECTOR = YES;
				GCC_WARN_UNINITIALIZED_AUTOS = YES_AGGRESSIVE;
				GCC_WARN_UNUSED_FUNCTION = YES;
				GCC_WARN_UNUSED_VARIABLE = YES;
				IPHONEOS_DEPLOYMENT_TARGET = 12.1;
				MTL_ENABLE_DEBUG_INFO = NO;
				MTL_FAST_MATH = YES;
				SDKROOT = iphoneos;
				SWIFT_COMPILATION_MODE = wholemodule;
				SWIFT_OPTIMIZATION_LEVEL = "-O";
				VALIDATE_PRODUCT = YES;
			};
			name = Release;
		};
		04E507E2222390AF0078DA13 /* Debug */ = {
			isa = XCBuildConfiguration;
			buildSettings = {
				ASSETCATALOG_COMPILER_APPICON_NAME = AppIcon;
				CODE_SIGN_STYLE = Automatic;
				DEVELOPMENT_TEAM = M8D4D44AKQ;
				INFOPLIST_FILE = LOTR/Info.plist;
				LD_RUNPATH_SEARCH_PATHS = (
					"$(inherited)",
					"@executable_path/Frameworks",
				);
				PRODUCT_BUNDLE_IDENTIFIER = mnyost.LOTR;
				PRODUCT_NAME = "$(TARGET_NAME)";
				SWIFT_VERSION = 4.2;
				TARGETED_DEVICE_FAMILY = "1,2";
			};
			name = Debug;
		};
		04E507E3222390AF0078DA13 /* Release */ = {
			isa = XCBuildConfiguration;
			buildSettings = {
				ASSETCATALOG_COMPILER_APPICON_NAME = AppIcon;
				CODE_SIGN_STYLE = Automatic;
				DEVELOPMENT_TEAM = M8D4D44AKQ;
				INFOPLIST_FILE = LOTR/Info.plist;
				LD_RUNPATH_SEARCH_PATHS = (
					"$(inherited)",
					"@executable_path/Frameworks",
				);
				PRODUCT_BUNDLE_IDENTIFIER = mnyost.LOTR;
				PRODUCT_NAME = "$(TARGET_NAME)";
				SWIFT_VERSION = 4.2;
				TARGETED_DEVICE_FAMILY = "1,2";
			};
			name = Release;
		};
/* End XCBuildConfiguration section */

/* Begin XCConfigurationList section */
		04E507C8222390AD0078DA13 /* Build configuration list for PBXProject "LOTR" */ = {
			isa = XCConfigurationList;
			buildConfigurations = (
				04E507DF222390AF0078DA13 /* Debug */,
				04E507E0222390AF0078DA13 /* Release */,
			);
			defaultConfigurationIsVisible = 0;
			defaultConfigurationName = Release;
		};
		04E507E1222390AF0078DA13 /* Build configuration list for PBXNativeTarget "LOTR" */ = {
			isa = XCConfigurationList;
			buildConfigurations = (
				04E507E2222390AF0078DA13 /* Debug */,
				04E507E3222390AF0078DA13 /* Release */,
			);
			defaultConfigurationIsVisible = 0;
			defaultConfigurationName = Release;
		};
/* End XCConfigurationList section */
	};
	rootObject = 04E507C5222390AD0078DA13 /* Project object */;
}
