// !$*UTF8*$!
{
	archiveVersion = 1;
	classes = {
	};
	objectVersion = 50;
	objects = {

/* Begin PBXBuildFile section */
		043C168C223AC1C10002182F /* AppDelegate.swift in Sources */ = {isa = PBXBuildFile; fileRef = 043C168B223AC1C10002182F /* AppDelegate.swift */; };
		043C168E223AC1C10002182F /* ViewController.swift in Sources */ = {isa = PBXBuildFile; fileRef = 043C168D223AC1C10002182F /* ViewController.swift */; };
		043C1691223AC1C10002182F /* Main.storyboard in Resources */ = {isa = PBXBuildFile; fileRef = 043C168F223AC1C10002182F /* Main.storyboard */; };
		043C1693223AC1C10002182F /* Assets.xcassets in Resources */ = {isa = PBXBuildFile; fileRef = 043C1692223AC1C10002182F /* Assets.xcassets */; };
		043C1696223AC1C10002182F /* LaunchScreen.storyboard in Resources */ = {isa = PBXBuildFile; fileRef = 043C1694223AC1C10002182F /* LaunchScreen.storyboard */; };
		043C169E223AC20F0002182F /* MoviesTableViewController.swift in Sources */ = {isa = PBXBuildFile; fileRef = 043C169D223AC20F0002182F /* MoviesTableViewController.swift */; };
		043C16A0223AC2FF0002182F /* movies.plist in Resources */ = {isa = PBXBuildFile; fileRef = 043C169F223AC2FF0002182F /* movies.plist */; };
		043C16A2223AC4180002182F /* Movie.swift in Sources */ = {isa = PBXBuildFile; fileRef = 043C16A1223AC4170002182F /* Movie.swift */; };
		043C16A4223AC6090002182F /* MovieDataController.swift in Sources */ = {isa = PBXBuildFile; fileRef = 043C16A3223AC6090002182F /* MovieDataController.swift */; };
		043C16A6223ACBEA0002182F /* DetailViewController.swift in Sources */ = {isa = PBXBuildFile; fileRef = 043C16A5223ACBEA0002182F /* DetailViewController.swift */; };
		2E9FC3BF61972CEF787E0664 /* Pods_Movie_Night.framework in Frameworks */ = {isa = PBXBuildFile; fileRef = 9170396B779267ABDCC99205 /* Pods_Movie_Night.framework */; };
/* End PBXBuildFile section */

/* Begin PBXFileReference section */
		0098D33C61AC4594319FCAC1 /* Pods-Movie Night.release.xcconfig */ = {isa = PBXFileReference; includeInIndex = 1; lastKnownFileType = text.xcconfig; name = "Pods-Movie Night.release.xcconfig"; path = "Target Support Files/Pods-Movie Night/Pods-Movie Night.release.xcconfig"; sourceTree = "<group>"; };
		043C1688223AC1C10002182F /* Movie Night.app */ = {isa = PBXFileReference; explicitFileType = wrapper.application; includeInIndex = 0; path = "Movie Night.app"; sourceTree = BUILT_PRODUCTS_DIR; };
		043C168B223AC1C10002182F /* AppDelegate.swift */ = {isa = PBXFileReference; lastKnownFileType = sourcecode.swift; path = AppDelegate.swift; sourceTree = "<group>"; };
		043C168D223AC1C10002182F /* ViewController.swift */ = {isa = PBXFileReference; lastKnownFileType = sourcecode.swift; path = ViewController.swift; sourceTree = "<group>"; };
		043C1690223AC1C10002182F /* Base */ = {isa = PBXFileReference; lastKnownFileType = file.storyboard; name = Base; path = Base.lproj/Main.storyboard; sourceTree = "<group>"; };
		043C1692223AC1C10002182F /* Assets.xcassets */ = {isa = PBXFileReference; lastKnownFileType = folder.assetcatalog; path = Assets.xcassets; sourceTree = "<group>"; };
		043C1695223AC1C10002182F /* Base */ = {isa = PBXFileReference; lastKnownFileType = file.storyboard; name = Base; path = Base.lproj/LaunchScreen.storyboard; sourceTree = "<group>"; };
		043C1697223AC1C10002182F /* Info.plist */ = {isa = PBXFileReference; lastKnownFileType = text.plist.xml; path = Info.plist; sourceTree = "<group>"; };
		043C169D223AC20F0002182F /* MoviesTableViewController.swift */ = {isa = PBXFileReference; lastKnownFileType = sourcecode.swift; path = MoviesTableViewController.swift; sourceTree = "<group>"; };
		043C169F223AC2FF0002182F /* movies.plist */ = {isa = PBXFileReference; lastKnownFileType = text.plist; path = movies.plist; sourceTree = "<group>"; };
		043C16A1223AC4170002182F /* Movie.swift */ = {isa = PBXFileReference; lastKnownFileType = sourcecode.swift; path = Movie.swift; sourceTree = "<group>"; };
		043C16A3223AC6090002182F /* MovieDataController.swift */ = {isa = PBXFileReference; lastKnownFileType = sourcecode.swift; path = MovieDataController.swift; sourceTree = "<group>"; };
		043C16A5223ACBEA0002182F /* DetailViewController.swift */ = {isa = PBXFileReference; lastKnownFileType = sourcecode.swift; path = DetailViewController.swift; sourceTree = "<group>"; };
		82A49476D9EE87ABE1111814 /* Pods-Movie Night.debug.xcconfig */ = {isa = PBXFileReference; includeInIndex = 1; lastKnownFileType = text.xcconfig; name = "Pods-Movie Night.debug.xcconfig"; path = "Target Support Files/Pods-Movie Night/Pods-Movie Night.debug.xcconfig"; sourceTree = "<group>"; };
		9170396B779267ABDCC99205 /* Pods_Movie_Night.framework */ = {isa = PBXFileReference; explicitFileType = wrapper.framework; includeInIndex = 0; path = Pods_Movie_Night.framework; sourceTree = BUILT_PRODUCTS_DIR; };
/* End PBXFileReference section */

/* Begin PBXFrameworksBuildPhase section */
		043C1685223AC1C10002182F /* Frameworks */ = {
			isa = PBXFrameworksBuildPhase;
			buildActionMask = 2147483647;
			files = (
				2E9FC3BF61972CEF787E0664 /* Pods_Movie_Night.framework in Frameworks */,
			);
			runOnlyForDeploymentPostprocessing = 0;
		};
/* End PBXFrameworksBuildPhase section */

/* Begin PBXGroup section */
		043C167F223AC1C10002182F = {
			isa = PBXGroup;
			children = (
				043C168A223AC1C10002182F /* Movie Night */,
				043C1689223AC1C10002182F /* Products */,
				639A91BB56CACF6D78D38E55 /* Pods */,
				C5EFD792BE8E3DE1B5423377 /* Frameworks */,
			);
			sourceTree = "<group>";
		};
		043C1689223AC1C10002182F /* Products */ = {
			isa = PBXGroup;
			children = (
				043C1688223AC1C10002182F /* Movie Night.app */,
			);
			name = Products;
			sourceTree = "<group>";
		};
		043C168A223AC1C10002182F /* Movie Night */ = {
			isa = PBXGroup;
			children = (
				043C168B223AC1C10002182F /* AppDelegate.swift */,
				043C168D223AC1C10002182F /* ViewController.swift */,
				043C168F223AC1C10002182F /* Main.storyboard */,
				043C16A5223ACBEA0002182F /* DetailViewController.swift */,
				043C169D223AC20F0002182F /* MoviesTableViewController.swift */,
				043C16A1223AC4170002182F /* Movie.swift */,
				043C16A3223AC6090002182F /* MovieDataController.swift */,
				043C1692223AC1C10002182F /* Assets.xcassets */,
				043C1694223AC1C10002182F /* LaunchScreen.storyboard */,
				043C169F223AC2FF0002182F /* movies.plist */,
				043C1697223AC1C10002182F /* Info.plist */,
			);
			path = "Movie Night";
			sourceTree = "<group>";
		};
		639A91BB56CACF6D78D38E55 /* Pods */ = {
			isa = PBXGroup;
			children = (
				82A49476D9EE87ABE1111814 /* Pods-Movie Night.debug.xcconfig */,
				0098D33C61AC4594319FCAC1 /* Pods-Movie Night.release.xcconfig */,
			);
			path = Pods;
			sourceTree = "<group>";
		};
		C5EFD792BE8E3DE1B5423377 /* Frameworks */ = {
			isa = PBXGroup;
			children = (
				9170396B779267ABDCC99205 /* Pods_Movie_Night.framework */,
			);
			name = Frameworks;
			sourceTree = "<group>";
		};
/* End PBXGroup section */

/* Begin PBXNativeTarget section */
		043C1687223AC1C10002182F /* Movie Night */ = {
			isa = PBXNativeTarget;
			buildConfigurationList = 043C169A223AC1C10002182F /* Build configuration list for PBXNativeTarget "Movie Night" */;
			buildPhases = (
				5409007FDBE51270123236EA /* [CP] Check Pods Manifest.lock */,
				043C1684223AC1C10002182F /* Sources */,
				043C1685223AC1C10002182F /* Frameworks */,
				043C1686223AC1C10002182F /* Resources */,
				C92E7000E1F6AE8188918458 /* [CP] Embed Pods Frameworks */,
			);
			buildRules = (
			);
			dependencies = (
			);
			name = "Movie Night";
			productName = "Movie Night";
			productReference = 043C1688223AC1C10002182F /* Movie Night.app */;
			productType = "com.apple.product-type.application";
		};
/* End PBXNativeTarget section */

/* Begin PBXProject section */
		043C1680223AC1C10002182F /* Project object */ = {
			isa = PBXProject;
			attributes = {
				LastSwiftUpdateCheck = 1010;
				LastUpgradeCheck = 1010;
				ORGANIZATIONNAME = "Madi Yost";
				TargetAttributes = {
					043C1687223AC1C10002182F = {
						CreatedOnToolsVersion = 10.1;
					};
				};
			};
			buildConfigurationList = 043C1683223AC1C10002182F /* Build configuration list for PBXProject "Movie Night" */;
			compatibilityVersion = "Xcode 9.3";
			developmentRegion = en;
			hasScannedForEncodings = 0;
			knownRegions = (
				en,
				Base,
			);
			mainGroup = 043C167F223AC1C10002182F;
			productRefGroup = 043C1689223AC1C10002182F /* Products */;
			projectDirPath = "";
			projectRoot = "";
			targets = (
				043C1687223AC1C10002182F /* Movie Night */,
			);
		};
/* End PBXProject section */

/* Begin PBXResourcesBuildPhase section */
		043C1686223AC1C10002182F /* Resources */ = {
			isa = PBXResourcesBuildPhase;
			buildActionMask = 2147483647;
			files = (
				043C1696223AC1C10002182F /* LaunchScreen.storyboard in Resources */,
				043C16A0223AC2FF0002182F /* movies.plist in Resources */,
				043C1693223AC1C10002182F /* Assets.xcassets in Resources */,
				043C1691223AC1C10002182F /* Main.storyboard in Resources */,
			);
			runOnlyForDeploymentPostprocessing = 0;
		};
/* End PBXResourcesBuildPhase section */

/* Begin PBXShellScriptBuildPhase section */
		5409007FDBE51270123236EA /* [CP] Check Pods Manifest.lock */ = {
			isa = PBXShellScriptBuildPhase;
			buildActionMask = 2147483647;
			files = (
			);
			inputFileListPaths = (
			);
			inputPaths = (
				"${PODS_PODFILE_DIR_PATH}/Podfile.lock",
				"${PODS_ROOT}/Manifest.lock",
			);
			name = "[CP] Check Pods Manifest.lock";
			outputFileListPaths = (
			);
			outputPaths = (
				"$(DERIVED_FILE_DIR)/Pods-Movie Night-checkManifestLockResult.txt",
			);
			runOnlyForDeploymentPostprocessing = 0;
			shellPath = /bin/sh;
			shellScript = "diff \"${PODS_PODFILE_DIR_PATH}/Podfile.lock\" \"${PODS_ROOT}/Manifest.lock\" > /dev/null\nif [ $? != 0 ] ; then\n    # print error to STDERR\n    echo \"error: The sandbox is not in sync with the Podfile.lock. Run 'pod install' or update your CocoaPods installation.\" >&2\n    exit 1\nfi\n# This output is used by Xcode 'outputs' to avoid re-running this script phase.\necho \"SUCCESS\" > \"${SCRIPT_OUTPUT_FILE_0}\"\n";
			showEnvVarsInLog = 0;
		};
		C92E7000E1F6AE8188918458 /* [CP] Embed Pods Frameworks */ = {
			isa = PBXShellScriptBuildPhase;
			buildActionMask = 2147483647;
			files = (
			);
			inputFileListPaths = (
			);
			inputPaths = (
				"${PODS_ROOT}/Target Support Files/Pods-Movie Night/Pods-Movie Night-frameworks.sh",
				"${BUILT_PRODUCTS_DIR}/Realm/Realm.framework",
				"${BUILT_PRODUCTS_DIR}/RealmSwift/RealmSwift.framework",
			);
			name = "[CP] Embed Pods Frameworks";
			outputFileListPaths = (
			);
			outputPaths = (
				"${TARGET_BUILD_DIR}/${FRAMEWORKS_FOLDER_PATH}/Realm.framework",
				"${TARGET_BUILD_DIR}/${FRAMEWORKS_FOLDER_PATH}/RealmSwift.framework",
			);
			runOnlyForDeploymentPostprocessing = 0;
			shellPath = /bin/sh;
			shellScript = "\"${PODS_ROOT}/Target Support Files/Pods-Movie Night/Pods-Movie Night-frameworks.sh\"\n";
			showEnvVarsInLog = 0;
		};
/* End PBXShellScriptBuildPhase section */

/* Begin PBXSourcesBuildPhase section */
		043C1684223AC1C10002182F /* Sources */ = {
			isa = PBXSourcesBuildPhase;
			buildActionMask = 2147483647;
			files = (
				043C169E223AC20F0002182F /* MoviesTableViewController.swift in Sources */,
				043C168E223AC1C10002182F /* ViewController.swift in Sources */,
				043C16A2223AC4180002182F /* Movie.swift in Sources */,
				043C16A6223ACBEA0002182F /* DetailViewController.swift in Sources */,
				043C16A4223AC6090002182F /* MovieDataController.swift in Sources */,
				043C168C223AC1C10002182F /* AppDelegate.swift in Sources */,
			);
			runOnlyForDeploymentPostprocessing = 0;
		};
/* End PBXSourcesBuildPhase section */

/* Begin PBXVariantGroup section */
		043C168F223AC1C10002182F /* Main.storyboard */ = {
			isa = PBXVariantGroup;
			children = (
				043C1690223AC1C10002182F /* Base */,
			);
			name = Main.storyboard;
			sourceTree = "<group>";
		};
		043C1694223AC1C10002182F /* LaunchScreen.storyboard */ = {
			isa = PBXVariantGroup;
			children = (
				043C1695223AC1C10002182F /* Base */,
			);
			name = LaunchScreen.storyboard;
			sourceTree = "<group>";
		};
/* End PBXVariantGroup section */

/* Begin XCBuildConfiguration section */
		043C1698223AC1C10002182F /* Debug */ = {
			isa = XCBuildConfiguration;
			buildSettings = {
				ALWAYS_SEARCH_USER_PATHS = NO;
				CLANG_ANALYZER_NONNULL = YES;
				CLANG_ANALYZER_NUMBER_OBJECT_CONVERSION = YES_AGGRESSIVE;
				CLANG_CXX_LANGUAGE_STANDARD = "gnu++14";
				CLANG_CXX_LIBRARY = "libc++";
				CLANG_ENABLE_MODULES = YES;
				CLANG_ENABLE_OBJC_ARC = YES;
				CLANG_ENABLE_OBJC_WEAK = YES;
				CLANG_WARN_BLOCK_CAPTURE_AUTORELEASING = YES;
				CLANG_WARN_BOOL_CONVERSION = YES;
				CLANG_WARN_COMMA = YES;
				CLANG_WARN_CONSTANT_CONVERSION = YES;
				CLANG_WARN_DEPRECATED_OBJC_IMPLEMENTATIONS = YES;
				CLANG_WARN_DIRECT_OBJC_ISA_USAGE = YES_ERROR;
				CLANG_WARN_DOCUMENTATION_COMMENTS = YES;
				CLANG_WARN_EMPTY_BODY = YES;
				CLANG_WARN_ENUM_CONVERSION = YES;
				CLANG_WARN_INFINITE_RECURSION = YES;
				CLANG_WARN_INT_CONVERSION = YES;
				CLANG_WARN_NON_LITERAL_NULL_CONVERSION = YES;
				CLANG_WARN_OBJC_IMPLICIT_RETAIN_SELF = YES;
				CLANG_WARN_OBJC_LITERAL_CONVERSION = YES;
				CLANG_WARN_OBJC_ROOT_CLASS = YES_ERROR;
				CLANG_WARN_RANGE_LOOP_ANALYSIS = YES;
				CLANG_WARN_STRICT_PROTOTYPES = YES;
				CLANG_WARN_SUSPICIOUS_MOVE = YES;
				CLANG_WARN_UNGUARDED_AVAILABILITY = YES_AGGRESSIVE;
				CLANG_WARN_UNREACHABLE_CODE = YES;
				CLANG_WARN__DUPLICATE_METHOD_MATCH = YES;
				CODE_SIGN_IDENTITY = "iPhone Developer";
				COPY_PHASE_STRIP = NO;
				DEBUG_INFORMATION_FORMAT = dwarf;
				ENABLE_STRICT_OBJC_MSGSEND = YES;
				ENABLE_TESTABILITY = YES;
				GCC_C_LANGUAGE_STANDARD = gnu11;
				GCC_DYNAMIC_NO_PIC = NO;
				GCC_NO_COMMON_BLOCKS = YES;
				GCC_OPTIMIZATION_LEVEL = 0;
				GCC_PREPROCESSOR_DEFINITIONS = (
					"DEBUG=1",
					"$(inherited)",
				);
				GCC_WARN_64_TO_32_BIT_CONVERSION = YES;
				GCC_WARN_ABOUT_RETURN_TYPE = YES_ERROR;
				GCC_WARN_UNDECLARED_SELECTOR = YES;
				GCC_WARN_UNINITIALIZED_AUTOS = YES_AGGRESSIVE;
				GCC_WARN_UNUSED_FUNCTION = YES;
				GCC_WARN_UNUSED_VARIABLE = YES;
				IPHONEOS_DEPLOYMENT_TARGET = 12.1;
				MTL_ENABLE_DEBUG_INFO = INCLUDE_SOURCE;
				MTL_FAST_MATH = YES;
				ONLY_ACTIVE_ARCH = YES;
				SDKROOT = iphoneos;
				SWIFT_ACTIVE_COMPILATION_CONDITIONS = DEBUG;
				SWIFT_OPTIMIZATION_LEVEL = "-Onone";
			};
			name = Debug;
		};
		043C1699223AC1C10002182F /* Release */ = {
			isa = XCBuildConfiguration;
			buildSettings = {
				ALWAYS_SEARCH_USER_PATHS = NO;
				CLANG_ANALYZER_NONNULL = YES;
				CLANG_ANALYZER_NUMBER_OBJECT_CONVERSION = YES_AGGRESSIVE;
				CLANG_CXX_LANGUAGE_STANDARD = "gnu++14";
				CLANG_CXX_LIBRARY = "libc++";
				CLANG_ENABLE_MODULES = YES;
				CLANG_ENABLE_OBJC_ARC = YES;
				CLANG_ENABLE_OBJC_WEAK = YES;
				CLANG_WARN_BLOCK_CAPTURE_AUTORELEASING = YES;
				CLANG_WARN_BOOL_CONVERSION = YES;
				CLANG_WARN_COMMA = YES;
				CLANG_WARN_CONSTANT_CONVERSION = YES;
				CLANG_WARN_DEPRECATED_OBJC_IMPLEMENTATIONS = YES;
				CLANG_WARN_DIRECT_OBJC_ISA_USAGE = YES_ERROR;
				CLANG_WARN_DOCUMENTATION_COMMENTS = YES;
				CLANG_WARN_EMPTY_BODY = YES;
				CLANG_WARN_ENUM_CONVERSION = YES;
				CLANG_WARN_INFINITE_RECURSION = YES;
				CLANG_WARN_INT_CONVERSION = YES;
				CLANG_WARN_NON_LITERAL_NULL_CONVERSION = YES;
				CLANG_WARN_OBJC_IMPLICIT_RETAIN_SELF = YES;
				CLANG_WARN_OBJC_LITERAL_CONVERSION = YES;
				CLANG_WARN_OBJC_ROOT_CLASS = YES_ERROR;
				CLANG_WARN_RANGE_LOOP_ANALYSIS = YES;
				CLANG_WARN_STRICT_PROTOTYPES = YES;
				CLANG_WARN_SUSPICIOUS_MOVE = YES;
				CLANG_WARN_UNGUARDED_AVAILABILITY = YES_AGGRESSIVE;
				CLANG_WARN_UNREACHABLE_CODE = YES;
				CLANG_WARN__DUPLICATE_METHOD_MATCH = YES;
				CODE_SIGN_IDENTITY = "iPhone Developer";
				COPY_PHASE_STRIP = NO;
				DEBUG_INFORMATION_FORMAT = "dwarf-with-dsym";
				ENABLE_NS_ASSERTIONS = NO;
				ENABLE_STRICT_OBJC_MSGSEND = YES;
				GCC_C_LANGUAGE_STANDARD = gnu11;
				GCC_NO_COMMON_BLOCKS = YES;
				GCC_WARN_64_TO_32_BIT_CONVERSION = YES;
				GCC_WARN_ABOUT_RETURN_TYPE = YES_ERROR;
				GCC_WARN_UNDECLARED_SELECTOR = YES;
				GCC_WARN_UNINITIALIZED_AUTOS = YES_AGGRESSIVE;
				GCC_WARN_UNUSED_FUNCTION = YES;
				GCC_WARN_UNUSED_VARIABLE = YES;
				IPHONEOS_DEPLOYMENT_TARGET = 12.1;
				MTL_ENABLE_DEBUG_INFO = NO;
				MTL_FAST_MATH = YES;
				SDKROOT = iphoneos;
				SWIFT_COMPILATION_MODE = wholemodule;
				SWIFT_OPTIMIZATION_LEVEL = "-O";
				VALIDATE_PRODUCT = YES;
			};
			name = Release;
		};
		043C169B223AC1C10002182F /* Debug */ = {
			isa = XCBuildConfiguration;
			baseConfigurationReference = 82A49476D9EE87ABE1111814 /* Pods-Movie Night.debug.xcconfig */;
			buildSettings = {
				ASSETCATALOG_COMPILER_APPICON_NAME = AppIcon;
				CODE_SIGN_STYLE = Automatic;
				DEVELOPMENT_TEAM = M8D4D44AKQ;
				INFOPLIST_FILE = "Movie Night/Info.plist";
				LD_RUNPATH_SEARCH_PATHS = (
					"$(inherited)",
					"@executable_path/Frameworks",
				);
				PRODUCT_BUNDLE_IDENTIFIER = "mnyost.Movie-Night";
				PRODUCT_NAME = "$(TARGET_NAME)";
				SWIFT_VERSION = 4.2;
				TARGETED_DEVICE_FAMILY = "1,2";
			};
			name = Debug;
		};
		043C169C223AC1C10002182F /* Release */ = {
			isa = XCBuildConfiguration;
			baseConfigurationReference = 0098D33C61AC4594319FCAC1 /* Pods-Movie Night.release.xcconfig */;
			buildSettings = {
				ASSETCATALOG_COMPILER_APPICON_NAME = AppIcon;
				CODE_SIGN_STYLE = Automatic;
				DEVELOPMENT_TEAM = M8D4D44AKQ;
				INFOPLIST_FILE = "Movie Night/Info.plist";
				LD_RUNPATH_SEARCH_PATHS = (
					"$(inherited)",
					"@executable_path/Frameworks",
				);
				PRODUCT_BUNDLE_IDENTIFIER = "mnyost.Movie-Night";
				PRODUCT_NAME = "$(TARGET_NAME)";
				SWIFT_VERSION = 4.2;
				TARGETED_DEVICE_FAMILY = "1,2";
			};
			name = Release;
		};
/* End XCBuildConfiguration section */

/* Begin XCConfigurationList section */
		043C1683223AC1C10002182F /* Build configuration list for PBXProject "Movie Night" */ = {
			isa = XCConfigurationList;
			buildConfigurations = (
				043C1698223AC1C10002182F /* Debug */,
				043C1699223AC1C10002182F /* Release */,
			);
			defaultConfigurationIsVisible = 0;
			defaultConfigurationName = Release;
		};
		043C169A223AC1C10002182F /* Build configuration list for PBXNativeTarget "Movie Night" */ = {
			isa = XCConfigurationList;
			buildConfigurations = (
				043C169B223AC1C10002182F /* Debug */,
				043C169C223AC1C10002182F /* Release */,
			);
			defaultConfigurationIsVisible = 0;
			defaultConfigurationName = Release;
		};
/* End XCConfigurationList section */
	};
	rootObject = 043C1680223AC1C10002182F /* Project object */;
}
