// !$*UTF8*$!
{
	archiveVersion = 1;
	classes = {
	};
	objectVersion = 50;
	objects = {

/* Begin PBXBuildFile section */
		04104DC2222C447900073C73 /* AppDelegate.swift in Sources */ = {isa = PBXBuildFile; fileRef = 04104DC1222C447900073C73 /* AppDelegate.swift */; };
		04104DC4222C447900073C73 /* MasterViewController.swift in Sources */ = {isa = PBXBuildFile; fileRef = 04104DC3222C447900073C73 /* MasterViewController.swift */; };
		04104DC6222C447900073C73 /* DetailViewController.swift in Sources */ = {isa = PBXBuildFile; fileRef = 04104DC5222C447900073C73 /* DetailViewController.swift */; };
		04104DC9222C447900073C73 /* Main.storyboard in Resources */ = {isa = PBXBuildFile; fileRef = 04104DC7222C447900073C73 /* Main.storyboard */; };
		04104DCB222C447A00073C73 /* Assets.xcassets in Resources */ = {isa = PBXBuildFile; fileRef = 04104DCA222C447A00073C73 /* Assets.xcassets */; };
		04104DCE222C447A00073C73 /* LaunchScreen.storyboard in Resources */ = {isa = PBXBuildFile; fileRef = 04104DCC222C447A00073C73 /* LaunchScreen.storyboard */; };
		04104DD6222C44B500073C73 /* Film.swift in Sources */ = {isa = PBXBuildFile; fileRef = 04104DD5222C44B500073C73 /* Film.swift */; };
/* End PBXBuildFile section */

/* Begin PBXFileReference section */
		04104DBE222C447900073C73 /* Star Wars Films.app */ = {isa = PBXFileReference; explicitFileType = wrapper.application; includeInIndex = 0; path = "Star Wars Films.app"; sourceTree = BUILT_PRODUCTS_DIR; };
		04104DC1222C447900073C73 /* AppDelegate.swift */ = {isa = PBXFileReference; lastKnownFileType = sourcecode.swift; path = AppDelegate.swift; sourceTree = "<group>"; };
		04104DC3222C447900073C73 /* MasterViewController.swift */ = {isa = PBXFileReference; lastKnownFileType = sourcecode.swift; path = MasterViewController.swift; sourceTree = "<group>"; };
		04104DC5222C447900073C73 /* DetailViewController.swift */ = {isa = PBXFileReference; lastKnownFileType = sourcecode.swift; path = DetailViewController.swift; sourceTree = "<group>"; };
		04104DC8222C447900073C73 /* Base */ = {isa = PBXFileReference; lastKnownFileType = file.storyboard; name = Base; path = Base.lproj/Main.storyboard; sourceTree = "<group>"; };
		04104DCA222C447A00073C73 /* Assets.xcassets */ = {isa = PBXFileReference; lastKnownFileType = folder.assetcatalog; path = Assets.xcassets; sourceTree = "<group>"; };
		04104DCD222C447A00073C73 /* Base */ = {isa = PBXFileReference; lastKnownFileType = file.storyboard; name = Base; path = Base.lproj/LaunchScreen.storyboard; sourceTree = "<group>"; };
		04104DCF222C447A00073C73 /* Info.plist */ = {isa = PBXFileReference; lastKnownFileType = text.plist.xml; path = Info.plist; sourceTree = "<group>"; };
		04104DD5222C44B500073C73 /* Film.swift */ = {isa = PBXFileReference; lastKnownFileType = sourcecode.swift; path = Film.swift; sourceTree = "<group>"; };
/* End PBXFileReference section */

/* Begin PBXFrameworksBuildPhase section */
		04104DBB222C447900073C73 /* Frameworks */ = {
			isa = PBXFrameworksBuildPhase;
			buildActionMask = 2147483647;
			files = (
			);
			runOnlyForDeploymentPostprocessing = 0;
		};
/* End PBXFrameworksBuildPhase section */

/* Begin PBXGroup section */
		04104DB5222C447900073C73 = {
			isa = PBXGroup;
			children = (
				04104DC0222C447900073C73 /* Star Wars Films */,
				04104DBF222C447900073C73 /* Products */,
			);
			sourceTree = "<group>";
		};
		04104DBF222C447900073C73 /* Products */ = {
			isa = PBXGroup;
			children = (
				04104DBE222C447900073C73 /* Star Wars Films.app */,
			);
			name = Products;
			sourceTree = "<group>";
		};
		04104DC0222C447900073C73 /* Star Wars Films */ = {
			isa = PBXGroup;
			children = (
				04104DC1222C447900073C73 /* AppDelegate.swift */,
				04104DC3222C447900073C73 /* MasterViewController.swift */,
				04104DC5222C447900073C73 /* DetailViewController.swift */,
				04104DC7222C447900073C73 /* Main.storyboard */,
				04104DD5222C44B500073C73 /* Film.swift */,
				04104DCA222C447A00073C73 /* Assets.xcassets */,
				04104DCC222C447A00073C73 /* LaunchScreen.storyboard */,
				04104DCF222C447A00073C73 /* Info.plist */,
			);
			path = "Star Wars Films";
			sourceTree = "<group>";
		};
/* End PBXGroup section */

/* Begin PBXNativeTarget section */
		04104DBD222C447900073C73 /* Star Wars Films */ = {
			isa = PBXNativeTarget;
			buildConfigurationList = 04104DD2222C447A00073C73 /* Build configuration list for PBXNativeTarget "Star Wars Films" */;
			buildPhases = (
				04104DBA222C447900073C73 /* Sources */,
				04104DBB222C447900073C73 /* Frameworks */,
				04104DBC222C447900073C73 /* Resources */,
			);
			buildRules = (
			);
			dependencies = (
			);
			name = "Star Wars Films";
			productName = "Star Wars Films";
			productReference = 04104DBE222C447900073C73 /* Star Wars Films.app */;
			productType = "com.apple.product-type.application";
		};
/* End PBXNativeTarget section */

/* Begin PBXProject section */
		04104DB6222C447900073C73 /* Project object */ = {
			isa = PBXProject;
			attributes = {
				LastSwiftUpdateCheck = 1010;
				LastUpgradeCheck = 1010;
				ORGANIZATIONNAME = "Madi Yost";
				TargetAttributes = {
					04104DBD222C447900073C73 = {
						CreatedOnToolsVersion = 10.1;
					};
				};
			};
			buildConfigurationList = 04104DB9222C447900073C73 /* Build configuration list for PBXProject "Star Wars Films" */;
			compatibilityVersion = "Xcode 9.3";
			developmentRegion = en;
			hasScannedForEncodings = 0;
			knownRegions = (
				en,
				Base,
			);
			mainGroup = 04104DB5222C447900073C73;
			productRefGroup = 04104DBF222C447900073C73 /* Products */;
			projectDirPath = "";
			projectRoot = "";
			targets = (
				04104DBD222C447900073C73 /* Star Wars Films */,
			);
		};
/* End PBXProject section */

/* Begin PBXResourcesBuildPhase section */
		04104DBC222C447900073C73 /* Resources */ = {
			isa = PBXResourcesBuildPhase;
			buildActionMask = 2147483647;
			files = (
				04104DCE222C447A00073C73 /* LaunchScreen.storyboard in Resources */,
				04104DCB222C447A00073C73 /* Assets.xcassets in Resources */,
				04104DC9222C447900073C73 /* Main.storyboard in Resources */,
			);
			runOnlyForDeploymentPostprocessing = 0;
		};
/* End PBXResourcesBuildPhase section */

/* Begin PBXSourcesBuildPhase section */
		04104DBA222C447900073C73 /* Sources */ = {
			isa = PBXSourcesBuildPhase;
			buildActionMask = 2147483647;
			files = (
				04104DC6222C447900073C73 /* DetailViewController.swift in Sources */,
				04104DD6222C44B500073C73 /* Film.swift in Sources */,
				04104DC4222C447900073C73 /* MasterViewController.swift in Sources */,
				04104DC2222C447900073C73 /* AppDelegate.swift in Sources */,
			);
			runOnlyForDeploymentPostprocessing = 0;
		};
/* End PBXSourcesBuildPhase section */

/* Begin PBXVariantGroup section */
		04104DC7222C447900073C73 /* Main.storyboard */ = {
			isa = PBXVariantGroup;
			children = (
				04104DC8222C447900073C73 /* Base */,
			);
			name = Main.storyboard;
			sourceTree = "<group>";
		};
		04104DCC222C447A00073C73 /* LaunchScreen.storyboard */ = {
			isa = PBXVariantGroup;
			children = (
				04104DCD222C447A00073C73 /* Base */,
			);
			name = LaunchScreen.storyboard;
			sourceTree = "<group>";
		};
/* End PBXVariantGroup section */

/* Begin XCBuildConfiguration section */
		04104DD0222C447A00073C73 /* Debug */ = {
			isa = XCBuildConfiguration;
			buildSettings = {
				ALWAYS_SEARCH_USER_PATHS = NO;
				CLANG_ANALYZER_NONNULL = YES;
				CLANG_ANALYZER_NUMBER_OBJECT_CONVERSION = YES_AGGRESSIVE;
				CLANG_CXX_LANGUAGE_STANDARD = "gnu++14";
				CLANG_CXX_LIBRARY = "libc++";
				CLANG_ENABLE_MODULES = YES;
				CLANG_ENABLE_OBJC_ARC = YES;
				CLANG_ENABLE_OBJC_WEAK = YES;
				CLANG_WARN_BLOCK_CAPTURE_AUTORELEASING = YES;
				CLANG_WARN_BOOL_CONVERSION = YES;
				CLANG_WARN_COMMA = YES;
				CLANG_WARN_CONSTANT_CONVERSION = YES;
				CLANG_WARN_DEPRECATED_OBJC_IMPLEMENTATIONS = YES;
				CLANG_WARN_DIRECT_OBJC_ISA_USAGE = YES_ERROR;
				CLANG_WARN_DOCUMENTATION_COMMENTS = YES;
				CLANG_WARN_EMPTY_BODY = YES;
				CLANG_WARN_ENUM_CONVERSION = YES;
				CLANG_WARN_INFINITE_RECURSION = YES;
				CLANG_WARN_INT_CONVERSION = YES;
				CLANG_WARN_NON_LITERAL_NULL_CONVERSION = YES;
				CLANG_WARN_OBJC_IMPLICIT_RETAIN_SELF = YES;
				CLANG_WARN_OBJC_LITERAL_CONVERSION = YES;
				CLANG_WARN_OBJC_ROOT_CLASS = YES_ERROR;
				CLANG_WARN_RANGE_LOOP_ANALYSIS = YES;
				CLANG_WARN_STRICT_PROTOTYPES = YES;
				CLANG_WARN_SUSPICIOUS_MOVE = YES;
				CLANG_WARN_UNGUARDED_AVAILABILITY = YES_AGGRESSIVE;
				CLANG_WARN_UNREACHABLE_CODE = YES;
				CLANG_WARN__DUPLICATE_METHOD_MATCH = YES;
				CODE_SIGN_IDENTITY = "iPhone Developer";
				COPY_PHASE_STRIP = NO;
				DEBUG_INFORMATION_FORMAT = dwarf;
				ENABLE_STRICT_OBJC_MSGSEND = YES;
				ENABLE_TESTABILITY = YES;
				GCC_C_LANGUAGE_STANDARD = gnu11;
				GCC_DYNAMIC_NO_PIC = NO;
				GCC_NO_COMMON_BLOCKS = YES;
				GCC_OPTIMIZATION_LEVEL = 0;
				GCC_PREPROCESSOR_DEFINITIONS = (
					"DEBUG=1",
					"$(inherited)",
				);
				GCC_WARN_64_TO_32_BIT_CONVERSION = YES;
				GCC_WARN_ABOUT_RETURN_TYPE = YES_ERROR;
				GCC_WARN_UNDECLARED_SELECTOR = YES;
				GCC_WARN_UNINITIALIZED_AUTOS = YES_AGGRESSIVE;
				GCC_WARN_UNUSED_FUNCTION = YES;
				GCC_WARN_UNUSED_VARIABLE = YES;
				IPHONEOS_DEPLOYMENT_TARGET = 12.1;
				MTL_ENABLE_DEBUG_INFO = INCLUDE_SOURCE;
				MTL_FAST_MATH = YES;
				ONLY_ACTIVE_ARCH = YES;
				SDKROOT = iphoneos;
				SWIFT_ACTIVE_COMPILATION_CONDITIONS = DEBUG;
				SWIFT_OPTIMIZATION_LEVEL = "-Onone";
			};
			name = Debug;
		};
		04104DD1222C447A00073C73 /* Release */ = {
			isa = XCBuildConfiguration;
			buildSettings = {
				ALWAYS_SEARCH_USER_PATHS = NO;
				CLANG_ANALYZER_NONNULL = YES;
				CLANG_ANALYZER_NUMBER_OBJECT_CONVERSION = YES_AGGRESSIVE;
				CLANG_CXX_LANGUAGE_STANDARD = "gnu++14";
				CLANG_CXX_LIBRARY = "libc++";
				CLANG_ENABLE_MODULES = YES;
				CLANG_ENABLE_OBJC_ARC = YES;
				CLANG_ENABLE_OBJC_WEAK = YES;
				CLANG_WARN_BLOCK_CAPTURE_AUTORELEASING = YES;
				CLANG_WARN_BOOL_CONVERSION = YES;
				CLANG_WARN_COMMA = YES;
				CLANG_WARN_CONSTANT_CONVERSION = YES;
				CLANG_WARN_DEPRECATED_OBJC_IMPLEMENTATIONS = YES;
				CLANG_WARN_DIRECT_OBJC_ISA_USAGE = YES_ERROR;
				CLANG_WARN_DOCUMENTATION_COMMENTS = YES;
				CLANG_WARN_EMPTY_BODY = YES;
				CLANG_WARN_ENUM_CONVERSION = YES;
				CLANG_WARN_INFINITE_RECURSION = YES;
				CLANG_WARN_INT_CONVERSION = YES;
				CLANG_WARN_NON_LITERAL_NULL_CONVERSION = YES;
				CLANG_WARN_OBJC_IMPLICIT_RETAIN_SELF = YES;
				CLANG_WARN_OBJC_LITERAL_CONVERSION = YES;
				CLANG_WARN_OBJC_ROOT_CLASS = YES_ERROR;
				CLANG_WARN_RANGE_LOOP_ANALYSIS = YES;
				CLANG_WARN_STRICT_PROTOTYPES = YES;
				CLANG_WARN_SUSPICIOUS_MOVE = YES;
				CLANG_WARN_UNGUARDED_AVAILABILITY = YES_AGGRESSIVE;
				CLANG_WARN_UNREACHABLE_CODE = YES;
				CLANG_WARN__DUPLICATE_METHOD_MATCH = YES;
				CODE_SIGN_IDENTITY = "iPhone Developer";
				COPY_PHASE_STRIP = NO;
				DEBUG_INFORMATION_FORMAT = "dwarf-with-dsym";
				ENABLE_NS_ASSERTIONS = NO;
				ENABLE_STRICT_OBJC_MSGSEND = YES;
				GCC_C_LANGUAGE_STANDARD = gnu11;
				GCC_NO_COMMON_BLOCKS = YES;
				GCC_WARN_64_TO_32_BIT_CONVERSION = YES;
				GCC_WARN_ABOUT_RETURN_TYPE = YES_ERROR;
				GCC_WARN_UNDECLARED_SELECTOR = YES;
				GCC_WARN_UNINITIALIZED_AUTOS = YES_AGGRESSIVE;
				GCC_WARN_UNUSED_FUNCTION = YES;
				GCC_WARN_UNUSED_VARIABLE = YES;
				IPHONEOS_DEPLOYMENT_TARGET = 12.1;
				MTL_ENABLE_DEBUG_INFO = NO;
				MTL_FAST_MATH = YES;
				SDKROOT = iphoneos;
				SWIFT_COMPILATION_MODE = wholemodule;
				SWIFT_OPTIMIZATION_LEVEL = "-O";
				VALIDATE_PRODUCT = YES;
			};
			name = Release;
		};
		04104DD3222C447A00073C73 /* Debug */ = {
			isa = XCBuildConfiguration;
			buildSettings = {
				ASSETCATALOG_COMPILER_APPICON_NAME = AppIcon;
				CODE_SIGN_STYLE = Automatic;
				DEVELOPMENT_TEAM = M8D4D44AKQ;
				INFOPLIST_FILE = "Star Wars Films/Info.plist";
				LD_RUNPATH_SEARCH_PATHS = (
					"$(inherited)",
					"@executable_path/Frameworks",
				);
				PRODUCT_BUNDLE_IDENTIFIER = "mnyost.Star-Wars-Films";
				PRODUCT_NAME = "$(TARGET_NAME)";
				SWIFT_VERSION = 4.2;
				TARGETED_DEVICE_FAMILY = "1,2";
			};
			name = Debug;
		};
		04104DD4222C447A00073C73 /* Release */ = {
			isa = XCBuildConfiguration;
			buildSettings = {
				ASSETCATALOG_COMPILER_APPICON_NAME = AppIcon;
				CODE_SIGN_STYLE = Automatic;
				DEVELOPMENT_TEAM = M8D4D44AKQ;
				INFOPLIST_FILE = "Star Wars Films/Info.plist";
				LD_RUNPATH_SEARCH_PATHS = (
					"$(inherited)",
					"@executable_path/Frameworks",
				);
				PRODUCT_BUNDLE_IDENTIFIER = "mnyost.Star-Wars-Films";
				PRODUCT_NAME = "$(TARGET_NAME)";
				SWIFT_VERSION = 4.2;
				TARGETED_DEVICE_FAMILY = "1,2";
			};
			name = Release;
		};
/* End XCBuildConfiguration section */

/* Begin XCConfigurationList section */
		04104DB9222C447900073C73 /* Build configuration list for PBXProject "Star Wars Films" */ = {
			isa = XCConfigurationList;
			buildConfigurations = (
				04104DD0222C447A00073C73 /* Debug */,
				04104DD1222C447A00073C73 /* Release */,
			);
			defaultConfigurationIsVisible = 0;
			defaultConfigurationName = Release;
		};
		04104DD2222C447A00073C73 /* Build configuration list for PBXNativeTarget "Star Wars Films" */ = {
			isa = XCConfigurationList;
			buildConfigurations = (
				04104DD3222C447A00073C73 /* Debug */,
				04104DD4222C447A00073C73 /* Release */,
			);
			defaultConfigurationIsVisible = 0;
			defaultConfigurationName = Release;
		};
/* End XCConfigurationList section */
	};
	rootObject = 04104DB6222C447900073C73 /* Project object */;
}
